
Microsoft Visual Studio Solution File, Format Version 12.00
# Visual Studio Version 17
VisualStudioVersion = 17.5.33414.496
MinimumVisualStudioVersion = 10.0.40219.1
Project("{FAE04EC0-301F-11D3-BF4B-00C04F79EFBC}") = "LayoutAndFormSignup", "LayoutAndFormSignup\LayoutAndFormSignup.csproj", "{03B4B5BF-5222-4256-89A7-C2166689ADA1}"
EndProject
Global
	GlobalSection(SolutionConfigurationPlatforms) = preSolution
		Debug|Any CPU = Debug|Any CPU
		Release|Any CPU = Release|Any CPU
	EndGlobalSection
	GlobalSection(ProjectConfigurationPlatforms) = postSolution
		{03B4B5BF-5222-4256-89A7-C2166689ADA1}.Debug|Any CPU.ActiveCfg = Debug|Any CPU
		{03B4B5BF-5222-4256-89A7-C2166689ADA1}.Debug|Any CPU.Build.0 = Debug|Any CPU
		{03B4B5BF-5222-4256-89A7-C2166689ADA1}.Release|Any CPU.ActiveCfg = Release|Any CPU
		{03B4B5BF-5222-4256-89A7-C2166689ADA1}.Release|Any CPU.Build.0 = Release|Any CPU
	EndGlobalSection
	GlobalSection(SolutionProperties) = preSolution
		HideSolutionNode = FALSE
	EndGlobalSection
	GlobalSection(ExtensibilityGlobals) = postSolution
		SolutionGuid = {B34C91C9-E40E-490C-BE68-183172DEE00B}
	EndGlobalSection
EndGlobal
