
Microsoft Visual Studio Solution File, Format Version 12.00
# Visual Studio Version 17
VisualStudioVersion = 17.5.33414.496
MinimumVisualStudioVersion = 10.0.40219.1
Project("{FAE04EC0-301F-11D3-BF4B-00C04F79EFBC}") = "Lecture 2", "Lecture 2\Lecture 2.csproj", "{93A9AFA9-C7EA-4A5B-A3C8-63D7086FA3D2}"
EndProject
Global
	GlobalSection(SolutionConfigurationPlatforms) = preSolution
		Debug|Any CPU = Debug|Any CPU
		Release|Any CPU = Release|Any CPU
	EndGlobalSection
	GlobalSection(ProjectConfigurationPlatforms) = postSolution
		{93A9AFA9-C7EA-4A5B-A3C8-63D7086FA3D2}.Debug|Any CPU.ActiveCfg = Debug|Any CPU
		{93A9AFA9-C7EA-4A5B-A3C8-63D7086FA3D2}.Debug|Any CPU.Build.0 = Debug|Any CPU
		{93A9AFA9-C7EA-4A5B-A3C8-63D7086FA3D2}.Release|Any CPU.ActiveCfg = Release|Any CPU
		{93A9AFA9-C7EA-4A5B-A3C8-63D7086FA3D2}.Release|Any CPU.Build.0 = Release|Any CPU
	EndGlobalSection
	GlobalSection(SolutionProperties) = preSolution
		HideSolutionNode = FALSE
	EndGlobalSection
	GlobalSection(ExtensibilityGlobals) = postSolution
		SolutionGuid = {E3E94D3E-47E6-473B-B06A-6EFF5935A87A}
	EndGlobalSection
EndGlobal
